{
  "name": "test_jd_project",
  "version": "1.0.0",
  "lockfileVersion": 2,
  "requires": true,
  "packages": {
    "": {
      "name": "test_jd_project",
      "version": "1.0.0",
      "dependencies": {
        "@bochkov-ek/array_app_js_test": "^1.0.3"
      }
    },
    "node_modules/@bochkov-ek/array_app_js_test": {
      "version": "1.0.3",
      "resolved": "https://registry.npmjs.org/@bochkov-ek/array_app_js_test/-/array_app_js_test-1.0.3.tgz",
      "integrity": "sha512-Of50h2gFwHVg8ziT+MbgvdouXMgvpEISAOfAoBfMxmAYtpokaQmtes0KVXbFUHmtDyrSvoedP6LYhysqNVKfXQ=="
    }
  },
  "dependencies": {
    "@bochkov-ek/array_app_js_test": {
      "version": "1.0.3",
      "resolved": "https://registry.npmjs.org/@bochkov-ek/array_app_js_test/-/array_app_js_test-1.0.3.tgz",
      "integrity": "sha512-Of50h2gFwHVg8ziT+MbgvdouXMgvpEISAOfAoBfMxmAYtpokaQmtes0KVXbFUHmtDyrSvoedP6LYhysqNVKfXQ=="
    }
  }
}
