{
  "name": "test_jd_project",
  "version": "1.0.0",
  "lockfileVersion": 2,
  "requires": true,
  "packages": {
    "": {
      "name": "test_jd_project",
      "version": "1.0.0",
      "dependencies": {
        "@bochkov-ek/array_app_js_test": "^1.0.0"
      }
    },
    "node_modules/@bochkov-ek/array_app_js_test": {
      "version": "1.0.0",
      "resolved": "https://registry.npmjs.org/@bochkov-ek/array_app_js_test/-/array_app_js_test-1.0.0.tgz",
      "integrity": "sha512-55LXDSaRfi8j0dkcpNC5lwZLUC9/++H/GAcCMRqYDOB45isJ8djxwRZlBPkL6dCgNShTIjutwDtnD+sP29IbPA=="
    }
  },
  "dependencies": {
    "@bochkov-ek/array_app_js_test": {
      "version": "1.0.0",
      "resolved": "https://registry.npmjs.org/@bochkov-ek/array_app_js_test/-/array_app_js_test-1.0.0.tgz",
      "integrity": "sha512-55LXDSaRfi8j0dkcpNC5lwZLUC9/++H/GAcCMRqYDOB45isJ8djxwRZlBPkL6dCgNShTIjutwDtnD+sP29IbPA=="
    }
  }
}
